PODS:
  - ZHHPopupController (0.0.1)

DEPENDENCIES:
  - ZHHPopupController (from `../`)

EXTERNAL SOURCES:
  ZHHPopupController:
    :path: "../"

SPEC CHECKSUMS:
  ZHHPopupController: 6b16dab129a348f1d03035f1997a77aa231d4f26

PODFILE CHECKSUM: ebaddc26cf85de094c4b8880db594f3675cb8c22

COCOAPODS: 1.11.2
