PODS:
  - ZHHPopupController (0.0.2)

DEPENDENCIES:
  - ZHHPopupController (from `../`)

EXTERNAL SOURCES:
  ZHHPopupController:
    :path: "../"

SPEC CHECKSUMS:
  ZHHPopupController: fc10a056b54aef399422de2e6b0a371d2914118f

PODFILE CHECKSUM: ebaddc26cf85de094c4b8880db594f3675cb8c22

COCOAPODS: 1.16.2
